
Microsoft Visual Studio Solution File, Format Version 12.00
# Visual Studio Express 2012 for Web
Project("{FAE04EC0-301F-11D3-BF4B-00C04F79EFBC}") = "MtgTracker", "MtgTracker\MtgTracker.csproj", "{95BA97F8-3A33-4952-A700-F8F18A5855DC}"
EndProject
Project("{FAE04EC0-301F-11D3-BF4B-00C04F79EFBC}") = "CardImport", "CardImport\CardImport.csproj", "{54F7B8A0-FBF3-46D4-A6D3-ECF79F53B9C8}"
EndProject
Global
	GlobalSection(SolutionConfigurationPlatforms) = preSolution
		Debug|Any CPU = Debug|Any CPU
		Release|Any CPU = Release|Any CPU
	EndGlobalSection
	GlobalSection(ProjectConfigurationPlatforms) = postSolution
		{95BA97F8-3A33-4952-A700-F8F18A5855DC}.Debug|Any CPU.ActiveCfg = Debug|Any CPU
		{95BA97F8-3A33-4952-A700-F8F18A5855DC}.Debug|Any CPU.Build.0 = Debug|Any CPU
		{95BA97F8-3A33-4952-A700-F8F18A5855DC}.Release|Any CPU.ActiveCfg = Release|Any CPU
		{95BA97F8-3A33-4952-A700-F8F18A5855DC}.Release|Any CPU.Build.0 = Release|Any CPU
		{54F7B8A0-FBF3-46D4-A6D3-ECF79F53B9C8}.Debug|Any CPU.ActiveCfg = Debug|Any CPU
		{54F7B8A0-FBF3-46D4-A6D3-ECF79F53B9C8}.Debug|Any CPU.Build.0 = Debug|Any CPU
		{54F7B8A0-FBF3-46D4-A6D3-ECF79F53B9C8}.Release|Any CPU.ActiveCfg = Release|Any CPU
		{54F7B8A0-FBF3-46D4-A6D3-ECF79F53B9C8}.Release|Any CPU.Build.0 = Release|Any CPU
	EndGlobalSection
	GlobalSection(SolutionProperties) = preSolution
		HideSolutionNode = FALSE
	EndGlobalSection
EndGlobal
